// !$*UTF8*$!
{
	archiveVersion = 1;
	classes = {
	};
	objectVersion = 55;
	objects = {

/* Begin PBXBuildFile section */
		6E1BA3E72801E47D005175FE /* MovieListDto.swift in Sources */ = {isa = PBXBuildFile; fileRef = 6E1BA3E62801E47D005175FE /* MovieListDto.swift */; };
		6E1BA3E92801E6A8005175FE /* APIService.swift in Sources */ = {isa = PBXBuildFile; fileRef = 6E1BA3E82801E6A8005175FE /* APIService.swift */; };
		6E1BA3EB2801FDEC005175FE /* MovieListAPI.swift in Sources */ = {isa = PBXBuildFile; fileRef = 6E1BA3EA2801FDEC005175FE /* MovieListAPI.swift */; };
		6E1BA3ED2802BD4A005175FE /* BaseVM.swift in Sources */ = {isa = PBXBuildFile; fileRef = 6E1BA3EC2802BD4A005175FE /* BaseVM.swift */; };
		6E1BA3F02802D215005175FE /* AnchoreerDecoder.swift in Sources */ = {isa = PBXBuildFile; fileRef = 6E1BA3EF2802D215005175FE /* AnchoreerDecoder.swift */; };
		6E1BA3F22802F545005175FE /* BaseVC.swift in Sources */ = {isa = PBXBuildFile; fileRef = 6E1BA3F12802F545005175FE /* BaseVC.swift */; };
		6E1BA3F42803052F005175FE /* Extension+String.swift in Sources */ = {isa = PBXBuildFile; fileRef = 6E1BA3F32803052F005175FE /* Extension+String.swift */; };
		6E1BA3F628032FDA005175FE /* BaseView.swift in Sources */ = {isa = PBXBuildFile; fileRef = 6E1BA3F528032FD9005175FE /* BaseView.swift */; };
		6E1BA3FA280336EA005175FE /* FavoriteListVC.swift in Sources */ = {isa = PBXBuildFile; fileRef = 6E1BA3F9280336EA005175FE /* FavoriteListVC.swift */; };
		6E1BA3FC28033708005175FE /* FavoriteListVM.swift in Sources */ = {isa = PBXBuildFile; fileRef = 6E1BA3FB28033708005175FE /* FavoriteListVM.swift */; };
		6E1BA3FE28033725005175FE /* FavoriteListView.swift in Sources */ = {isa = PBXBuildFile; fileRef = 6E1BA3FD28033725005175FE /* FavoriteListView.swift */; };
		6E1BA401280340BF005175FE /* MovieDetailVC.swift in Sources */ = {isa = PBXBuildFile; fileRef = 6E1BA400280340BE005175FE /* MovieDetailVC.swift */; };
		6E1BA403280341B4005175FE /* MovieDetailView.swift in Sources */ = {isa = PBXBuildFile; fileRef = 6E1BA402280341B4005175FE /* MovieDetailView.swift */; };
		6E1BA40528046BD1005175FE /* WebKit.framework in Frameworks */ = {isa = PBXBuildFile; fileRef = 6E1BA40428046BD1005175FE /* WebKit.framework */; };
		6E1BA407280486E1005175FE /* Extension+UIStackView.swift in Sources */ = {isa = PBXBuildFile; fileRef = 6E1BA406280486E1005175FE /* Extension+UIStackView.swift */; };
		6E850EDB28016FDC00D05430 /* AppDelegate.swift in Sources */ = {isa = PBXBuildFile; fileRef = 6E850EDA28016FDC00D05430 /* AppDelegate.swift */; };
		6E850EE428016FE100D05430 /* Assets.xcassets in Resources */ = {isa = PBXBuildFile; fileRef = 6E850EE328016FE100D05430 /* Assets.xcassets */; };
		6E850EE728016FE100D05430 /* LaunchScreen.storyboard in Resources */ = {isa = PBXBuildFile; fileRef = 6E850EE528016FE100D05430 /* LaunchScreen.storyboard */; };
		6E850EFE28017C1F00D05430 /* MovieListVC.swift in Sources */ = {isa = PBXBuildFile; fileRef = 6E850EFD28017C1F00D05430 /* MovieListVC.swift */; };
		6E850F0228017DF300D05430 /* MovieListVM.swift in Sources */ = {isa = PBXBuildFile; fileRef = 6E850F0128017DF300D05430 /* MovieListVM.swift */; };
		6E850F0428017E0200D05430 /* MovieListView.swift in Sources */ = {isa = PBXBuildFile; fileRef = 6E850F0328017E0200D05430 /* MovieListView.swift */; };
		6E850F08280183E100D05430 /* MovieListCell.swift in Sources */ = {isa = PBXBuildFile; fileRef = 6E850F07280183E100D05430 /* MovieListCell.swift */; };
		6E850F0B2801D93400D05430 /* Extension+UIViewController.swift in Sources */ = {isa = PBXBuildFile; fileRef = 6E850F0A2801D93400D05430 /* Extension+UIViewController.swift */; };
		6E850F0D2801D99B00D05430 /* Extension+UIView.swift in Sources */ = {isa = PBXBuildFile; fileRef = 6E850F0C2801D99B00D05430 /* Extension+UIView.swift */; };
		C9DF242434F5ADC77A6DEDAA /* Pods_ANCHOREER.framework in Frameworks */ = {isa = PBXBuildFile; fileRef = 055CC0E6FCAE50FCA0A53D4F /* Pods_ANCHOREER.framework */; };
/* End PBXBuildFile section */

/* Begin PBXFileReference section */
		055CC0E6FCAE50FCA0A53D4F /* Pods_ANCHOREER.framework */ = {isa = PBXFileReference; explicitFileType = wrapper.framework; includeInIndex = 0; path = Pods_ANCHOREER.framework; sourceTree = BUILT_PRODUCTS_DIR; };
		52D83D85CE526E0A49960018 /* Pods-ANCHOREER.debug.xcconfig */ = {isa = PBXFileReference; includeInIndex = 1; lastKnownFileType = text.xcconfig; name = "Pods-ANCHOREER.debug.xcconfig"; path = "Target Support Files/Pods-ANCHOREER/Pods-ANCHOREER.debug.xcconfig"; sourceTree = "<group>"; };
		6E1BA3E62801E47D005175FE /* MovieListDto.swift */ = {isa = PBXFileReference; lastKnownFileType = sourcecode.swift; path = MovieListDto.swift; sourceTree = "<group>"; };
		6E1BA3E82801E6A8005175FE /* APIService.swift */ = {isa = PBXFileReference; lastKnownFileType = sourcecode.swift; path = APIService.swift; sourceTree = "<group>"; };
		6E1BA3EA2801FDEC005175FE /* MovieListAPI.swift */ = {isa = PBXFileReference; lastKnownFileType = sourcecode.swift; path = MovieListAPI.swift; sourceTree = "<group>"; };
		6E1BA3EC2802BD4A005175FE /* BaseVM.swift */ = {isa = PBXFileReference; lastKnownFileType = sourcecode.swift; path = BaseVM.swift; sourceTree = "<group>"; };
		6E1BA3EF2802D215005175FE /* AnchoreerDecoder.swift */ = {isa = PBXFileReference; lastKnownFileType = sourcecode.swift; path = AnchoreerDecoder.swift; sourceTree = "<group>"; };
		6E1BA3F12802F545005175FE /* BaseVC.swift */ = {isa = PBXFileReference; fileEncoding = 4; lastKnownFileType = sourcecode.swift; path = BaseVC.swift; sourceTree = "<group>"; };
		6E1BA3F32803052F005175FE /* Extension+String.swift */ = {isa = PBXFileReference; lastKnownFileType = sourcecode.swift; path = "Extension+String.swift"; sourceTree = "<group>"; };
		6E1BA3F528032FD9005175FE /* BaseView.swift */ = {isa = PBXFileReference; fileEncoding = 4; lastKnownFileType = sourcecode.swift; path = BaseView.swift; sourceTree = "<group>"; };
		6E1BA3F9280336EA005175FE /* FavoriteListVC.swift */ = {isa = PBXFileReference; lastKnownFileType = sourcecode.swift; path = FavoriteListVC.swift; sourceTree = "<group>"; };
		6E1BA3FB28033708005175FE /* FavoriteListVM.swift */ = {isa = PBXFileReference; lastKnownFileType = sourcecode.swift; path = FavoriteListVM.swift; sourceTree = "<group>"; };
		6E1BA3FD28033725005175FE /* FavoriteListView.swift */ = {isa = PBXFileReference; lastKnownFileType = sourcecode.swift; path = FavoriteListView.swift; sourceTree = "<group>"; };
		6E1BA400280340BE005175FE /* MovieDetailVC.swift */ = {isa = PBXFileReference; lastKnownFileType = sourcecode.swift; path = MovieDetailVC.swift; sourceTree = "<group>"; };
		6E1BA402280341B4005175FE /* MovieDetailView.swift */ = {isa = PBXFileReference; lastKnownFileType = sourcecode.swift; path = MovieDetailView.swift; sourceTree = "<group>"; };
		6E1BA40428046BD1005175FE /* WebKit.framework */ = {isa = PBXFileReference; lastKnownFileType = wrapper.framework; name = WebKit.framework; path = System/Library/Frameworks/WebKit.framework; sourceTree = SDKROOT; };
		6E1BA406280486E1005175FE /* Extension+UIStackView.swift */ = {isa = PBXFileReference; lastKnownFileType = sourcecode.swift; path = "Extension+UIStackView.swift"; sourceTree = "<group>"; };
		6E850ED728016FDC00D05430 /* ANCHOREER.app */ = {isa = PBXFileReference; explicitFileType = wrapper.application; includeInIndex = 0; path = ANCHOREER.app; sourceTree = BUILT_PRODUCTS_DIR; };
		6E850EDA28016FDC00D05430 /* AppDelegate.swift */ = {isa = PBXFileReference; lastKnownFileType = sourcecode.swift; path = AppDelegate.swift; sourceTree = "<group>"; };
		6E850EE328016FE100D05430 /* Assets.xcassets */ = {isa = PBXFileReference; lastKnownFileType = folder.assetcatalog; path = Assets.xcassets; sourceTree = "<group>"; };
		6E850EE628016FE100D05430 /* Base */ = {isa = PBXFileReference; lastKnownFileType = file.storyboard; name = Base; path = Base.lproj/LaunchScreen.storyboard; sourceTree = "<group>"; };
		6E850EE828016FE100D05430 /* Info.plist */ = {isa = PBXFileReference; lastKnownFileType = text.plist.xml; path = Info.plist; sourceTree = "<group>"; };
		6E850EFD28017C1F00D05430 /* MovieListVC.swift */ = {isa = PBXFileReference; lastKnownFileType = sourcecode.swift; path = MovieListVC.swift; sourceTree = "<group>"; };
		6E850F0128017DF300D05430 /* MovieListVM.swift */ = {isa = PBXFileReference; lastKnownFileType = sourcecode.swift; path = MovieListVM.swift; sourceTree = "<group>"; };
		6E850F0328017E0200D05430 /* MovieListView.swift */ = {isa = PBXFileReference; lastKnownFileType = sourcecode.swift; path = MovieListView.swift; sourceTree = "<group>"; };
		6E850F07280183E100D05430 /* MovieListCell.swift */ = {isa = PBXFileReference; lastKnownFileType = sourcecode.swift; path = MovieListCell.swift; sourceTree = "<group>"; };
		6E850F0A2801D93400D05430 /* Extension+UIViewController.swift */ = {isa = PBXFileReference; lastKnownFileType = sourcecode.swift; path = "Extension+UIViewController.swift"; sourceTree = "<group>"; };
		6E850F0C2801D99B00D05430 /* Extension+UIView.swift */ = {isa = PBXFileReference; lastKnownFileType = sourcecode.swift; path = "Extension+UIView.swift"; sourceTree = "<group>"; };
		CBE483E34FCB0DE1827CBFCF /* Pods-ANCHOREER.release.xcconfig */ = {isa = PBXFileReference; includeInIndex = 1; lastKnownFileType = text.xcconfig; name = "Pods-ANCHOREER.release.xcconfig"; path = "Target Support Files/Pods-ANCHOREER/Pods-ANCHOREER.release.xcconfig"; sourceTree = "<group>"; };
/* End PBXFileReference section */

/* Begin PBXFrameworksBuildPhase section */
		6E850ED428016FDC00D05430 /* Frameworks */ = {
			isa = PBXFrameworksBuildPhase;
			buildActionMask = 2147483647;
			files = (
				6E1BA40528046BD1005175FE /* WebKit.framework in Frameworks */,
				C9DF242434F5ADC77A6DEDAA /* Pods_ANCHOREER.framework in Frameworks */,
			);
			runOnlyForDeploymentPostprocessing = 0;
		};
/* End PBXFrameworksBuildPhase section */

/* Begin PBXGroup section */
		0D3351EBA61DF7C0E7203C76 /* Pods */ = {
			isa = PBXGroup;
			children = (
				52D83D85CE526E0A49960018 /* Pods-ANCHOREER.debug.xcconfig */,
				CBE483E34FCB0DE1827CBFCF /* Pods-ANCHOREER.release.xcconfig */,
			);
			path = Pods;
			sourceTree = "<group>";
		};
		489E6B227F11B1AA772F3026 /* Frameworks */ = {
			isa = PBXGroup;
			children = (
				6E1BA40428046BD1005175FE /* WebKit.framework */,
				055CC0E6FCAE50FCA0A53D4F /* Pods_ANCHOREER.framework */,
			);
			name = Frameworks;
			sourceTree = "<group>";
		};
		6E1BA3E52801E465005175FE /* Service */ = {
			isa = PBXGroup;
			children = (
				6E1BA3EE2802D200005175FE /* Dto */,
				6E1BA3EF2802D215005175FE /* AnchoreerDecoder.swift */,
				6E1BA3E82801E6A8005175FE /* APIService.swift */,
				6E1BA3EA2801FDEC005175FE /* MovieListAPI.swift */,
			);
			path = Service;
			sourceTree = "<group>";
		};
		6E1BA3EE2802D200005175FE /* Dto */ = {
			isa = PBXGroup;
			children = (
				6E1BA3E62801E47D005175FE /* MovieListDto.swift */,
			);
			path = Dto;
			sourceTree = "<group>";
		};
		6E1BA3F72803366E005175FE /* View */ = {
			isa = PBXGroup;
			children = (
				6E850F052801811900D05430 /* MovieList */,
				6E1BA3FF2803409A005175FE /* MovieDetail */,
				6E1BA3F828033695005175FE /* FavoriteList */,
			);
			path = View;
			sourceTree = "<group>";
		};
		6E1BA3F828033695005175FE /* FavoriteList */ = {
			isa = PBXGroup;
			children = (
				6E1BA3F9280336EA005175FE /* FavoriteListVC.swift */,
				6E1BA3FB28033708005175FE /* FavoriteListVM.swift */,
				6E1BA3FD28033725005175FE /* FavoriteListView.swift */,
			);
			path = FavoriteList;
			sourceTree = "<group>";
		};
		6E1BA3FF2803409A005175FE /* MovieDetail */ = {
			isa = PBXGroup;
			children = (
				6E1BA400280340BE005175FE /* MovieDetailVC.swift */,
				6E1BA402280341B4005175FE /* MovieDetailView.swift */,
			);
			path = MovieDetail;
			sourceTree = "<group>";
		};
		6E850ECE28016FDC00D05430 = {
			isa = PBXGroup;
			children = (
				6E850ED928016FDC00D05430 /* ANCHOREER */,
				6E850ED828016FDC00D05430 /* Products */,
				0D3351EBA61DF7C0E7203C76 /* Pods */,
				489E6B227F11B1AA772F3026 /* Frameworks */,
			);
			sourceTree = "<group>";
		};
		6E850ED828016FDC00D05430 /* Products */ = {
			isa = PBXGroup;
			children = (
				6E850ED728016FDC00D05430 /* ANCHOREER.app */,
			);
			name = Products;
			sourceTree = "<group>";
		};
		6E850ED928016FDC00D05430 /* ANCHOREER */ = {
			isa = PBXGroup;
			children = (
				6E850EDA28016FDC00D05430 /* AppDelegate.swift */,
				6E1BA3E52801E465005175FE /* Service */,
				6E850EEE280177BE00D05430 /* Base */,
				6E1BA3F72803366E005175FE /* View */,
				6E850F092801D91600D05430 /* Extension */,
				6E850EE328016FE100D05430 /* Assets.xcassets */,
				6E850EE528016FE100D05430 /* LaunchScreen.storyboard */,
				6E850EE828016FE100D05430 /* Info.plist */,
			);
			path = ANCHOREER;
			sourceTree = "<group>";
		};
		6E850EEE280177BE00D05430 /* Base */ = {
			isa = PBXGroup;
			children = (
				6E1BA3F528032FD9005175FE /* BaseView.swift */,
				6E1BA3EC2802BD4A005175FE /* BaseVM.swift */,
				6E1BA3F12802F545005175FE /* BaseVC.swift */,
			);
			path = Base;
			sourceTree = "<group>";
		};
		6E850F052801811900D05430 /* MovieList */ = {
			isa = PBXGroup;
			children = (
				6E850F062801812600D05430 /* CustomView */,
				6E850EFD28017C1F00D05430 /* MovieListVC.swift */,
				6E850F0128017DF300D05430 /* MovieListVM.swift */,
				6E850F0328017E0200D05430 /* MovieListView.swift */,
			);
			path = MovieList;
			sourceTree = "<group>";
		};
		6E850F062801812600D05430 /* CustomView */ = {
			isa = PBXGroup;
			children = (
				6E850F07280183E100D05430 /* MovieListCell.swift */,
			);
			path = CustomView;
			sourceTree = "<group>";
		};
		6E850F092801D91600D05430 /* Extension */ = {
			isa = PBXGroup;
			children = (
				6E850F0A2801D93400D05430 /* Extension+UIViewController.swift */,
				6E850F0C2801D99B00D05430 /* Extension+UIView.swift */,
				6E1BA3F32803052F005175FE /* Extension+String.swift */,
				6E1BA406280486E1005175FE /* Extension+UIStackView.swift */,
			);
			path = Extension;
			sourceTree = "<group>";
		};
/* End PBXGroup section */

/* Begin PBXNativeTarget section */
		6E850ED628016FDC00D05430 /* ANCHOREER */ = {
			isa = PBXNativeTarget;
			buildConfigurationList = 6E850EEB28016FE100D05430 /* Build configuration list for PBXNativeTarget "ANCHOREER" */;
			buildPhases = (
				283CFE2AC6FFC119439BF8EC /* [CP] Check Pods Manifest.lock */,
				6E850ED328016FDC00D05430 /* Sources */,
				6E850ED428016FDC00D05430 /* Frameworks */,
				6E850ED528016FDC00D05430 /* Resources */,
				A078092F28C87CF2A5A42D51 /* [CP] Embed Pods Frameworks */,
			);
			buildRules = (
			);
			dependencies = (
			);
			name = ANCHOREER;
			productName = ANCHOREER;
			productReference = 6E850ED728016FDC00D05430 /* ANCHOREER.app */;
			productType = "com.apple.product-type.application";
		};
/* End PBXNativeTarget section */

/* Begin PBXProject section */
		6E850ECF28016FDC00D05430 /* Project object */ = {
			isa = PBXProject;
			attributes = {
				BuildIndependentTargetsInParallel = 1;
				LastSwiftUpdateCheck = 1330;
				LastUpgradeCheck = 1330;
				TargetAttributes = {
					6E850ED628016FDC00D05430 = {
						CreatedOnToolsVersion = 13.3;
					};
				};
			};
			buildConfigurationList = 6E850ED228016FDC00D05430 /* Build configuration list for PBXProject "ANCHOREER" */;
			compatibilityVersion = "Xcode 13.0";
			developmentRegion = en;
			hasScannedForEncodings = 0;
			knownRegions = (
				en,
				Base,
			);
			mainGroup = 6E850ECE28016FDC00D05430;
			productRefGroup = 6E850ED828016FDC00D05430 /* Products */;
			projectDirPath = "";
			projectRoot = "";
			targets = (
				6E850ED628016FDC00D05430 /* ANCHOREER */,
			);
		};
/* End PBXProject section */

/* Begin PBXResourcesBuildPhase section */
		6E850ED528016FDC00D05430 /* Resources */ = {
			isa = PBXResourcesBuildPhase;
			buildActionMask = 2147483647;
			files = (
				6E850EE728016FE100D05430 /* LaunchScreen.storyboard in Resources */,
				6E850EE428016FE100D05430 /* Assets.xcassets in Resources */,
			);
			runOnlyForDeploymentPostprocessing = 0;
		};
/* End PBXResourcesBuildPhase section */

/* Begin PBXShellScriptBuildPhase section */
		283CFE2AC6FFC119439BF8EC /* [CP] Check Pods Manifest.lock */ = {
			isa = PBXShellScriptBuildPhase;
			buildActionMask = 2147483647;
			files = (
			);
			inputFileListPaths = (
			);
			inputPaths = (
				"${PODS_PODFILE_DIR_PATH}/Podfile.lock",
				"${PODS_ROOT}/Manifest.lock",
			);
			name = "[CP] Check Pods Manifest.lock";
			outputFileListPaths = (
			);
			outputPaths = (
				"$(DERIVED_FILE_DIR)/Pods-ANCHOREER-checkManifestLockResult.txt",
			);
			runOnlyForDeploymentPostprocessing = 0;
			shellPath = /bin/sh;
			shellScript = "diff \"${PODS_PODFILE_DIR_PATH}/Podfile.lock\" \"${PODS_ROOT}/Manifest.lock\" > /dev/null\nif [ $? != 0 ] ; then\n    # print error to STDERR\n    echo \"error: The sandbox is not in sync with the Podfile.lock. Run 'pod install' or update your CocoaPods installation.\" >&2\n    exit 1\nfi\n# This output is used by Xcode 'outputs' to avoid re-running this script phase.\necho \"SUCCESS\" > \"${SCRIPT_OUTPUT_FILE_0}\"\n";
			showEnvVarsInLog = 0;
		};
		A078092F28C87CF2A5A42D51 /* [CP] Embed Pods Frameworks */ = {
			isa = PBXShellScriptBuildPhase;
			buildActionMask = 2147483647;
			files = (
			);
			inputFileListPaths = (
				"${PODS_ROOT}/Target Support Files/Pods-ANCHOREER/Pods-ANCHOREER-frameworks-${CONFIGURATION}-input-files.xcfilelist",
			);
			name = "[CP] Embed Pods Frameworks";
			outputFileListPaths = (
				"${PODS_ROOT}/Target Support Files/Pods-ANCHOREER/Pods-ANCHOREER-frameworks-${CONFIGURATION}-output-files.xcfilelist",
			);
			runOnlyForDeploymentPostprocessing = 0;
			shellPath = /bin/sh;
			shellScript = "\"${PODS_ROOT}/Target Support Files/Pods-ANCHOREER/Pods-ANCHOREER-frameworks.sh\"\n";
			showEnvVarsInLog = 0;
		};
/* End PBXShellScriptBuildPhase section */

/* Begin PBXSourcesBuildPhase section */
		6E850ED328016FDC00D05430 /* Sources */ = {
			isa = PBXSourcesBuildPhase;
			buildActionMask = 2147483647;
			files = (
				6E1BA3FA280336EA005175FE /* FavoriteListVC.swift in Sources */,
				6E1BA3ED2802BD4A005175FE /* BaseVM.swift in Sources */,
				6E850F0B2801D93400D05430 /* Extension+UIViewController.swift in Sources */,
				6E850F0D2801D99B00D05430 /* Extension+UIView.swift in Sources */,
				6E850F0428017E0200D05430 /* MovieListView.swift in Sources */,
				6E1BA403280341B4005175FE /* MovieDetailView.swift in Sources */,
				6E1BA401280340BF005175FE /* MovieDetailVC.swift in Sources */,
				6E1BA3F42803052F005175FE /* Extension+String.swift in Sources */,
				6E1BA3F22802F545005175FE /* BaseVC.swift in Sources */,
				6E1BA407280486E1005175FE /* Extension+UIStackView.swift in Sources */,
				6E1BA3FC28033708005175FE /* FavoriteListVM.swift in Sources */,
				6E850F08280183E100D05430 /* MovieListCell.swift in Sources */,
				6E850EFE28017C1F00D05430 /* MovieListVC.swift in Sources */,
				6E850F0228017DF300D05430 /* MovieListVM.swift in Sources */,
				6E1BA3FE28033725005175FE /* FavoriteListView.swift in Sources */,
				6E1BA3E92801E6A8005175FE /* APIService.swift in Sources */,
				6E1BA3E72801E47D005175FE /* MovieListDto.swift in Sources */,
				6E850EDB28016FDC00D05430 /* AppDelegate.swift in Sources */,
				6E1BA3EB2801FDEC005175FE /* MovieListAPI.swift in Sources */,
				6E1BA3F02802D215005175FE /* AnchoreerDecoder.swift in Sources */,
				6E1BA3F628032FDA005175FE /* BaseView.swift in Sources */,
			);
			runOnlyForDeploymentPostprocessing = 0;
		};
/* End PBXSourcesBuildPhase section */

/* Begin PBXVariantGroup section */
		6E850EE528016FE100D05430 /* LaunchScreen.storyboard */ = {
			isa = PBXVariantGroup;
			children = (
				6E850EE628016FE100D05430 /* Base */,
			);
			name = LaunchScreen.storyboard;
			sourceTree = "<group>";
		};
/* End PBXVariantGroup section */

/* Begin XCBuildConfiguration section */
		6E850EE928016FE100D05430 /* Debug */ = {
			isa = XCBuildConfiguration;
			buildSettings = {
				ALWAYS_SEARCH_USER_PATHS = NO;
				CLANG_ANALYZER_NONNULL = YES;
				CLANG_ANALYZER_NUMBER_OBJECT_CONVERSION = YES_AGGRESSIVE;
				CLANG_CXX_LANGUAGE_STANDARD = "gnu++17";
				CLANG_ENABLE_MODULES = YES;
				CLANG_ENABLE_OBJC_ARC = YES;
				CLANG_ENABLE_OBJC_WEAK = YES;
				CLANG_WARN_BLOCK_CAPTURE_AUTORELEASING = YES;
				CLANG_WARN_BOOL_CONVERSION = YES;
				CLANG_WARN_COMMA = YES;
				CLANG_WARN_CONSTANT_CONVERSION = YES;
				CLANG_WARN_DEPRECATED_OBJC_IMPLEMENTATIONS = YES;
				CLANG_WARN_DIRECT_OBJC_ISA_USAGE = YES_ERROR;
				CLANG_WARN_DOCUMENTATION_COMMENTS = YES;
				CLANG_WARN_EMPTY_BODY = YES;
				CLANG_WARN_ENUM_CONVERSION = YES;
				CLANG_WARN_INFINITE_RECURSION = YES;
				CLANG_WARN_INT_CONVERSION = YES;
				CLANG_WARN_NON_LITERAL_NULL_CONVERSION = YES;
				CLANG_WARN_OBJC_IMPLICIT_RETAIN_SELF = YES;
				CLANG_WARN_OBJC_LITERAL_CONVERSION = YES;
				CLANG_WARN_OBJC_ROOT_CLASS = YES_ERROR;
				CLANG_WARN_QUOTED_INCLUDE_IN_FRAMEWORK_HEADER = YES;
				CLANG_WARN_RANGE_LOOP_ANALYSIS = YES;
				CLANG_WARN_STRICT_PROTOTYPES = YES;
				CLANG_WARN_SUSPICIOUS_MOVE = YES;
				CLANG_WARN_UNGUARDED_AVAILABILITY = YES_AGGRESSIVE;
				CLANG_WARN_UNREACHABLE_CODE = YES;
				CLANG_WARN__DUPLICATE_METHOD_MATCH = YES;
				COPY_PHASE_STRIP = NO;
				DEBUG_INFORMATION_FORMAT = dwarf;
				ENABLE_STRICT_OBJC_MSGSEND = YES;
				ENABLE_TESTABILITY = YES;
				GCC_C_LANGUAGE_STANDARD = gnu11;
				GCC_DYNAMIC_NO_PIC = NO;
				GCC_NO_COMMON_BLOCKS = YES;
				GCC_OPTIMIZATION_LEVEL = 0;
				GCC_PREPROCESSOR_DEFINITIONS = (
					"DEBUG=1",
					"$(inherited)",
				);
				GCC_WARN_64_TO_32_BIT_CONVERSION = YES;
				GCC_WARN_ABOUT_RETURN_TYPE = YES_ERROR;
				GCC_WARN_UNDECLARED_SELECTOR = YES;
				GCC_WARN_UNINITIALIZED_AUTOS = YES_AGGRESSIVE;
				GCC_WARN_UNUSED_FUNCTION = YES;
				GCC_WARN_UNUSED_VARIABLE = YES;
				IPHONEOS_DEPLOYMENT_TARGET = 13.0;
				MTL_ENABLE_DEBUG_INFO = INCLUDE_SOURCE;
				MTL_FAST_MATH = YES;
				ONLY_ACTIVE_ARCH = YES;
				SDKROOT = iphoneos;
				SWIFT_ACTIVE_COMPILATION_CONDITIONS = DEBUG;
				SWIFT_OPTIMIZATION_LEVEL = "-Onone";
			};
			name = Debug;
		};
		6E850EEA28016FE100D05430 /* Release */ = {
			isa = XCBuildConfiguration;
			buildSettings = {
				ALWAYS_SEARCH_USER_PATHS = NO;
				CLANG_ANALYZER_NONNULL = YES;
				CLANG_ANALYZER_NUMBER_OBJECT_CONVERSION = YES_AGGRESSIVE;
				CLANG_CXX_LANGUAGE_STANDARD = "gnu++17";
				CLANG_ENABLE_MODULES = YES;
				CLANG_ENABLE_OBJC_ARC = YES;
				CLANG_ENABLE_OBJC_WEAK = YES;
				CLANG_WARN_BLOCK_CAPTURE_AUTORELEASING = YES;
				CLANG_WARN_BOOL_CONVERSION = YES;
				CLANG_WARN_COMMA = YES;
				CLANG_WARN_CONSTANT_CONVERSION = YES;
				CLANG_WARN_DEPRECATED_OBJC_IMPLEMENTATIONS = YES;
				CLANG_WARN_DIRECT_OBJC_ISA_USAGE = YES_ERROR;
				CLANG_WARN_DOCUMENTATION_COMMENTS = YES;
				CLANG_WARN_EMPTY_BODY = YES;
				CLANG_WARN_ENUM_CONVERSION = YES;
				CLANG_WARN_INFINITE_RECURSION = YES;
				CLANG_WARN_INT_CONVERSION = YES;
				CLANG_WARN_NON_LITERAL_NULL_CONVERSION = YES;
				CLANG_WARN_OBJC_IMPLICIT_RETAIN_SELF = YES;
				CLANG_WARN_OBJC_LITERAL_CONVERSION = YES;
				CLANG_WARN_OBJC_ROOT_CLASS = YES_ERROR;
				CLANG_WARN_QUOTED_INCLUDE_IN_FRAMEWORK_HEADER = YES;
				CLANG_WARN_RANGE_LOOP_ANALYSIS = YES;
				CLANG_WARN_STRICT_PROTOTYPES = YES;
				CLANG_WARN_SUSPICIOUS_MOVE = YES;
				CLANG_WARN_UNGUARDED_AVAILABILITY = YES_AGGRESSIVE;
				CLANG_WARN_UNREACHABLE_CODE = YES;
				CLANG_WARN__DUPLICATE_METHOD_MATCH = YES;
				COPY_PHASE_STRIP = NO;
				DEBUG_INFORMATION_FORMAT = "dwarf-with-dsym";
				ENABLE_NS_ASSERTIONS = NO;
				ENABLE_STRICT_OBJC_MSGSEND = YES;
				GCC_C_LANGUAGE_STANDARD = gnu11;
				GCC_NO_COMMON_BLOCKS = YES;
				GCC_WARN_64_TO_32_BIT_CONVERSION = YES;
				GCC_WARN_ABOUT_RETURN_TYPE = YES_ERROR;
				GCC_WARN_UNDECLARED_SELECTOR = YES;
				GCC_WARN_UNINITIALIZED_AUTOS = YES_AGGRESSIVE;
				GCC_WARN_UNUSED_FUNCTION = YES;
				GCC_WARN_UNUSED_VARIABLE = YES;
				IPHONEOS_DEPLOYMENT_TARGET = 13.0;
				MTL_ENABLE_DEBUG_INFO = NO;
				MTL_FAST_MATH = YES;
				SDKROOT = iphoneos;
				SWIFT_COMPILATION_MODE = wholemodule;
				SWIFT_OPTIMIZATION_LEVEL = "-O";
				VALIDATE_PRODUCT = YES;
			};
			name = Release;
		};
		6E850EEC28016FE100D05430 /* Debug */ = {
			isa = XCBuildConfiguration;
			baseConfigurationReference = 52D83D85CE526E0A49960018 /* Pods-ANCHOREER.debug.xcconfig */;
			buildSettings = {
				ASSETCATALOG_COMPILER_APPICON_NAME = AppIcon;
				ASSETCATALOG_COMPILER_GLOBAL_ACCENT_COLOR_NAME = AccentColor;
				CODE_SIGN_STYLE = Automatic;
				CURRENT_PROJECT_VERSION = 1;
				DEVELOPMENT_TEAM = 3799SNND63;
				GENERATE_INFOPLIST_FILE = YES;
				INFOPLIST_FILE = ANCHOREER/Info.plist;
				INFOPLIST_KEY_UIApplicationSupportsIndirectInputEvents = YES;
				INFOPLIST_KEY_UILaunchStoryboardName = LaunchScreen;
				INFOPLIST_KEY_UIMainStoryboardFile = LaunchScreen;
				INFOPLIST_KEY_UISupportedInterfaceOrientations_iPad = "UIInterfaceOrientationPortrait UIInterfaceOrientationPortraitUpsideDown UIInterfaceOrientationLandscapeLeft UIInterfaceOrientationLandscapeRight";
				INFOPLIST_KEY_UISupportedInterfaceOrientations_iPhone = "UIInterfaceOrientationPortrait UIInterfaceOrientationLandscapeLeft UIInterfaceOrientationLandscapeRight";
				LD_RUNPATH_SEARCH_PATHS = (
					"$(inherited)",
					"@executable_path/Frameworks",
				);
				MARKETING_VERSION = 1.0;
				PRODUCT_BUNDLE_IDENTIFIER = test.ANCHOREER;
				PRODUCT_NAME = "$(TARGET_NAME)";
				SWIFT_EMIT_LOC_STRINGS = YES;
				SWIFT_VERSION = 5.0;
				TARGETED_DEVICE_FAMILY = 1;
			};
			name = Debug;
		};
		6E850EED28016FE100D05430 /* Release */ = {
			isa = XCBuildConfiguration;
			baseConfigurationReference = CBE483E34FCB0DE1827CBFCF /* Pods-ANCHOREER.release.xcconfig */;
			buildSettings = {
				ASSETCATALOG_COMPILER_APPICON_NAME = AppIcon;
				ASSETCATALOG_COMPILER_GLOBAL_ACCENT_COLOR_NAME = AccentColor;
				CODE_SIGN_STYLE = Automatic;
				CURRENT_PROJECT_VERSION = 1;
				DEVELOPMENT_TEAM = 3799SNND63;
				GENERATE_INFOPLIST_FILE = YES;
				INFOPLIST_FILE = ANCHOREER/Info.plist;
				INFOPLIST_KEY_UIApplicationSupportsIndirectInputEvents = YES;
				INFOPLIST_KEY_UILaunchStoryboardName = LaunchScreen;
				INFOPLIST_KEY_UIMainStoryboardFile = LaunchScreen;
				INFOPLIST_KEY_UISupportedInterfaceOrientations_iPad = "UIInterfaceOrientationPortrait UIInterfaceOrientationPortraitUpsideDown UIInterfaceOrientationLandscapeLeft UIInterfaceOrientationLandscapeRight";
				INFOPLIST_KEY_UISupportedInterfaceOrientations_iPhone = "UIInterfaceOrientationPortrait UIInterfaceOrientationLandscapeLeft UIInterfaceOrientationLandscapeRight";
				LD_RUNPATH_SEARCH_PATHS = (
					"$(inherited)",
					"@executable_path/Frameworks",
				);
				MARKETING_VERSION = 1.0;
				PRODUCT_BUNDLE_IDENTIFIER = test.ANCHOREER;
				PRODUCT_NAME = "$(TARGET_NAME)";
				SWIFT_EMIT_LOC_STRINGS = YES;
				SWIFT_VERSION = 5.0;
				TARGETED_DEVICE_FAMILY = 1;
			};
			name = Release;
		};
/* End XCBuildConfiguration section */

/* Begin XCConfigurationList section */
		6E850ED228016FDC00D05430 /* Build configuration list for PBXProject "ANCHOREER" */ = {
			isa = XCConfigurationList;
			buildConfigurations = (
				6E850EE928016FE100D05430 /* Debug */,
				6E850EEA28016FE100D05430 /* Release */,
			);
			defaultConfigurationIsVisible = 0;
			defaultConfigurationName = Release;
		};
		6E850EEB28016FE100D05430 /* Build configuration list for PBXNativeTarget "ANCHOREER" */ = {
			isa = XCConfigurationList;
			buildConfigurations = (
				6E850EEC28016FE100D05430 /* Debug */,
				6E850EED28016FE100D05430 /* Release */,
			);
			defaultConfigurationIsVisible = 0;
			defaultConfigurationName = Release;
		};
/* End XCConfigurationList section */
	};
	rootObject = 6E850ECF28016FDC00D05430 /* Project object */;
}
