PODS:
  - Differentiator (5.0.0)
  - Kingfisher (7.2.0)
  - RxCocoa (6.2.0):
    - RxRelay (= 6.2.0)
    - RxSwift (= 6.2.0)
  - RxDataSources (5.0.0):
    - Differentiator (~> 5.0)
    - RxCocoa (~> 6.0)
    - RxSwift (~> 6.0)
  - RxGesture (4.0.4):
    - RxCocoa (~> 6.0)
    - RxSwift (~> 6.0)
  - RxOptional (5.0.2):
    - RxCocoa (~> 6.0)
    - RxSwift (~> 6.0)
  - RxRelay (6.2.0):
    - RxSwift (= 6.2.0)
  - RxSwift (6.2.0)
  - SnapKit (5.0.1)
  - Then (2.7.0)
  - Toast (4.0.0)
  - Toast-Swift (5.0.1)

DEPENDENCIES:
  - Kingfisher (~> 7.0)
  - RxCocoa (~> 6.2.0)
  - RxDataSources (~> 5.0)
  - RxGesture (~> 4.0.2)
  - RxOptional
  - RxSwift (~> 6.2.0)
  - SnapKit (~> 5.0.0)
  - Then
  - Toast
  - Toast-Swift

SPEC REPOS:
  trunk:
    - Differentiator
    - Kingfisher
    - RxCocoa
    - RxDataSources
    - RxGesture
    - RxOptional
    - RxRelay
    - RxSwift
    - SnapKit
    - Then
    - Toast
    - Toast-Swift

SPEC CHECKSUMS:
  Differentiator: e8497ceab83c1b10ca233716d547b9af21b9344d
  Kingfisher: 3ac0b75b155cabc0e544877d1a4deea29feece92
  RxCocoa: 4baf94bb35f2c0ab31bc0cb9f1900155f646ba42
  RxDataSources: aa47cc1ed6c500fa0dfecac5c979b723542d79cf
  RxGesture: f3efb47ed2d26a8082f7b660d4a59970e275a7f8
  RxOptional: 3664964c96b69dd20c9cf78bdfe546615e26eca8
  RxRelay: e72dbfd157807478401ef1982e1c61c945c94b2f
  RxSwift: d356ab7bee873611322f134c5f9ef379fa183d8f
  SnapKit: 97b92857e3df3a0c71833cce143274bf6ef8e5eb
  Then: acfe0be7e98221c6204e12f8161459606d5d822d
  Toast: 91b396c56ee72a5790816f40d3a94dd357abc196
  Toast-Swift: 9b6a70f28b3bf0b96c40d46c0c4b9d6639846711

PODFILE CHECKSUM: 8be122e4ad5b4443ce55cf46e74f02a42f7c6b0b

COCOAPODS: 1.11.2
